// !$*UTF8*$!
{
	archiveVersion = 1;
	classes = {
	};
	objectVersion = 46;
	objects = {

/* Begin PBXBuildFile section */
		EBC5266519DCE315003789E5 /* Makefile in Sources */ = {isa = PBXBuildFile; fileRef = EBC5262019DCE315003789E5 /* Makefile */; };
		EBC5266619DCE315003789E5 /* Makefile in Sources */ = {isa = PBXBuildFile; fileRef = EBC5263419DCE315003789E5 /* Makefile */; };
		EBC5266719DCE315003789E5 /* sq.c in Sources */ = {isa = PBXBuildFile; fileRef = EBC5263519DCE315003789E5 /* sq.c */; };
		EBC5266819DCE315003789E5 /* Makefile in Sources */ = {isa = PBXBuildFile; fileRef = EBC5263819DCE315003789E5 /* Makefile */; };
		EBC5266919DCE315003789E5 /* sqstdaux.cpp in Sources */ = {isa = PBXBuildFile; fileRef = EBC5263919DCE315003789E5 /* sqstdaux.cpp */; };
		EBC5266A19DCE315003789E5 /* sqstdblob.cpp in Sources */ = {isa = PBXBuildFile; fileRef = EBC5263A19DCE315003789E5 /* sqstdblob.cpp */; };
		EBC5266B19DCE315003789E5 /* sqstdio.cpp in Sources */ = {isa = PBXBuildFile; fileRef = EBC5263C19DCE315003789E5 /* sqstdio.cpp */; };
		EBC5266C19DCE315003789E5 /* sqstdmath.cpp in Sources */ = {isa = PBXBuildFile; fileRef = EBC5263E19DCE315003789E5 /* sqstdmath.cpp */; };
		EBC5266D19DCE315003789E5 /* sqstdrex.cpp in Sources */ = {isa = PBXBuildFile; fileRef = EBC5263F19DCE315003789E5 /* sqstdrex.cpp */; };
		EBC5266E19DCE315003789E5 /* sqstdstream.cpp in Sources */ = {isa = PBXBuildFile; fileRef = EBC5264019DCE315003789E5 /* sqstdstream.cpp */; };
		EBC5266F19DCE315003789E5 /* sqstdstring.cpp in Sources */ = {isa = PBXBuildFile; fileRef = EBC5264219DCE315003789E5 /* sqstdstring.cpp */; };
		EBC5267019DCE315003789E5 /* sqstdsystem.cpp in Sources */ = {isa = PBXBuildFile; fileRef = EBC5264319DCE315003789E5 /* sqstdsystem.cpp */; };
		EBC5267119DCE315003789E5 /* Makefile in Sources */ = {isa = PBXBuildFile; fileRef = EBC5264519DCE315003789E5 /* Makefile */; };
		EBC5267219DCE315003789E5 /* sqapi.cpp in Sources */ = {isa = PBXBuildFile; fileRef = EBC5264619DCE315003789E5 /* sqapi.cpp */; };
		EBC5267319DCE315003789E5 /* sqbaselib.cpp in Sources */ = {isa = PBXBuildFile; fileRef = EBC5264819DCE315003789E5 /* sqbaselib.cpp */; };
		EBC5267419DCE315003789E5 /* sqclass.cpp in Sources */ = {isa = PBXBuildFile; fileRef = EBC5264919DCE315003789E5 /* sqclass.cpp */; };
		EBC5267519DCE315003789E5 /* sqcompiler.cpp in Sources */ = {isa = PBXBuildFile; fileRef = EBC5264C19DCE315003789E5 /* sqcompiler.cpp */; };
		EBC5267619DCE315003789E5 /* sqdebug.cpp in Sources */ = {isa = PBXBuildFile; fileRef = EBC5264E19DCE315003789E5 /* sqdebug.cpp */; };
		EBC5267719DCE315003789E5 /* sqfuncstate.cpp in Sources */ = {isa = PBXBuildFile; fileRef = EBC5265019DCE315003789E5 /* sqfuncstate.cpp */; };
		EBC5267819DCE315003789E5 /* sqlexer.cpp in Sources */ = {isa = PBXBuildFile; fileRef = EBC5265219DCE315003789E5 /* sqlexer.cpp */; };
		EBC5267919DCE315003789E5 /* sqmem.cpp in Sources */ = {isa = PBXBuildFile; fileRef = EBC5265419DCE315003789E5 /* sqmem.cpp */; };
		EBC5267A19DCE315003789E5 /* sqobject.cpp in Sources */ = {isa = PBXBuildFile; fileRef = EBC5265519DCE315003789E5 /* sqobject.cpp */; };
		EBC5267B19DCE315003789E5 /* sqstate.cpp in Sources */ = {isa = PBXBuildFile; fileRef = EBC5265919DCE315003789E5 /* sqstate.cpp */; };
		EBC5267C19DCE315003789E5 /* sqtable.cpp in Sources */ = {isa = PBXBuildFile; fileRef = EBC5265C19DCE315003789E5 /* sqtable.cpp */; };
		EBC5267D19DCE315003789E5 /* sqvm.cpp in Sources */ = {isa = PBXBuildFile; fileRef = EBC5266119DCE315003789E5 /* sqvm.cpp */; };
/* End PBXBuildFile section */

/* Begin PBXCopyFilesBuildPhase section */
		EBC525FE19DCE2C7003789E5 /* CopyFiles */ = {
			isa = PBXCopyFilesBuildPhase;
			buildActionMask = 2147483647;
			dstPath = /usr/share/man/man1/;
			dstSubfolderSpec = 0;
			files = (
			);
			runOnlyForDeploymentPostprocessing = 1;
		};
/* End PBXCopyFilesBuildPhase section */

/* Begin PBXFileReference section */
		EBC5260019DCE2C7003789E5 /* sq */ = {isa = PBXFileReference; explicitFileType = "compiled.mach-o.executable"; includeInIndex = 0; path = sq; sourceTree = BUILT_PRODUCTS_DIR; };
		EBC5260C19DCE315003789E5 /* COMPILE */ = {isa = PBXFileReference; fileEncoding = 4; lastKnownFileType = text; path = COMPILE; sourceTree = "<group>"; };
		EBC5260D19DCE315003789E5 /* COPYRIGHT */ = {isa = PBXFileReference; fileEncoding = 4; lastKnownFileType = text; path = COPYRIGHT; sourceTree = "<group>"; };
		EBC5260F19DCE315003789E5 /* sqstdlib3.chm */ = {isa = PBXFileReference; lastKnownFileType = file; path = sqstdlib3.chm; sourceTree = "<group>"; };
		EBC5261019DCE315003789E5 /* sqstdlib3.pdf */ = {isa = PBXFileReference; lastKnownFileType = image.pdf; path = sqstdlib3.pdf; sourceTree = "<group>"; };
		EBC5261119DCE315003789E5 /* squirrel3.chm */ = {isa = PBXFileReference; lastKnownFileType = file; path = squirrel3.chm; sourceTree = "<group>"; };
		EBC5261219DCE315003789E5 /* squirrel3.pdf */ = {isa = PBXFileReference; lastKnownFileType = image.pdf; path = squirrel3.pdf; sourceTree = "<group>"; };
		EBC5261619DCE315003789E5 /* HISTORY */ = {isa = PBXFileReference; fileEncoding = 4; lastKnownFileType = text; path = HISTORY; sourceTree = "<group>"; };
		EBC5261819DCE315003789E5 /* sqstdaux.h */ = {isa = PBXFileReference; fileEncoding = 4; lastKnownFileType = sourcecode.c.h; path = sqstdaux.h; sourceTree = "<group>"; };
		EBC5261919DCE315003789E5 /* sqstdblob.h */ = {isa = PBXFileReference; fileEncoding = 4; lastKnownFileType = sourcecode.c.h; path = sqstdblob.h; sourceTree = "<group>"; };
		EBC5261A19DCE315003789E5 /* sqstdio.h */ = {isa = PBXFileReference; fileEncoding = 4; lastKnownFileType = sourcecode.c.h; path = sqstdio.h; sourceTree = "<group>"; };
		EBC5261B19DCE315003789E5 /* sqstdmath.h */ = {isa = PBXFileReference; fileEncoding = 4; lastKnownFileType = sourcecode.c.h; path = sqstdmath.h; sourceTree = "<group>"; };
		EBC5261C19DCE315003789E5 /* sqstdstring.h */ = {isa = PBXFileReference; fileEncoding = 4; lastKnownFileType = sourcecode.c.h; path = sqstdstring.h; sourceTree = "<group>"; };
		EBC5261D19DCE315003789E5 /* sqstdsystem.h */ = {isa = PBXFileReference; fileEncoding = 4; lastKnownFileType = sourcecode.c.h; path = sqstdsystem.h; sourceTree = "<group>"; };
		EBC5261E19DCE315003789E5 /* squirrel.h */ = {isa = PBXFileReference; fileEncoding = 4; lastKnownFileType = sourcecode.c.h; path = squirrel.h; sourceTree = "<group>"; };
		EBC5262019DCE315003789E5 /* Makefile */ = {isa = PBXFileReference; fileEncoding = 4; lastKnownFileType = sourcecode.make; path = Makefile; sourceTree = "<group>"; };
		EBC5262119DCE315003789E5 /* README */ = {isa = PBXFileReference; fileEncoding = 4; lastKnownFileType = text; path = README; sourceTree = "<group>"; };
		EBC5263419DCE315003789E5 /* Makefile */ = {isa = PBXFileReference; fileEncoding = 4; lastKnownFileType = sourcecode.make; path = Makefile; sourceTree = "<group>"; };
		EBC5263519DCE315003789E5 /* sq.c */ = {isa = PBXFileReference; fileEncoding = 4; lastKnownFileType = sourcecode.c.c; path = sq.c; sourceTree = "<group>"; };
		EBC5263619DCE315003789E5 /* sq.dsp */ = {isa = PBXFileReference; fileEncoding = 4; lastKnownFileType = text; path = sq.dsp; sourceTree = "<group>"; };
		EBC5263819DCE315003789E5 /* Makefile */ = {isa = PBXFileReference; fileEncoding = 4; lastKnownFileType = sourcecode.make; path = Makefile; sourceTree = "<group>"; };
		EBC5263919DCE315003789E5 /* sqstdaux.cpp */ = {isa = PBXFileReference; fileEncoding = 4; lastKnownFileType = sourcecode.cpp.cpp; path = sqstdaux.cpp; sourceTree = "<group>"; };
		EBC5263A19DCE315003789E5 /* sqstdblob.cpp */ = {isa = PBXFileReference; fileEncoding = 4; lastKnownFileType = sourcecode.cpp.cpp; path = sqstdblob.cpp; sourceTree = "<group>"; };
		EBC5263B19DCE315003789E5 /* sqstdblobimpl.h */ = {isa = PBXFileReference; fileEncoding = 4; lastKnownFileType = sourcecode.c.h; path = sqstdblobimpl.h; sourceTree = "<group>"; };
		EBC5263C19DCE315003789E5 /* sqstdio.cpp */ = {isa = PBXFileReference; fileEncoding = 4; lastKnownFileType = sourcecode.cpp.cpp; path = sqstdio.cpp; sourceTree = "<group>"; };
		EBC5263D19DCE315003789E5 /* sqstdlib.dsp */ = {isa = PBXFileReference; fileEncoding = 4; lastKnownFileType = text; path = sqstdlib.dsp; sourceTree = "<group>"; };
		EBC5263E19DCE315003789E5 /* sqstdmath.cpp */ = {isa = PBXFileReference; fileEncoding = 4; lastKnownFileType = sourcecode.cpp.cpp; path = sqstdmath.cpp; sourceTree = "<group>"; };
		EBC5263F19DCE315003789E5 /* sqstdrex.cpp */ = {isa = PBXFileReference; fileEncoding = 4; lastKnownFileType = sourcecode.cpp.cpp; path = sqstdrex.cpp; sourceTree = "<group>"; };
		EBC5264019DCE315003789E5 /* sqstdstream.cpp */ = {isa = PBXFileReference; fileEncoding = 4; lastKnownFileType = sourcecode.cpp.cpp; path = sqstdstream.cpp; sourceTree = "<group>"; };
		EBC5264119DCE315003789E5 /* sqstdstream.h */ = {isa = PBXFileReference; fileEncoding = 4; lastKnownFileType = sourcecode.c.h; path = sqstdstream.h; sourceTree = "<group>"; };
		EBC5264219DCE315003789E5 /* sqstdstring.cpp */ = {isa = PBXFileReference; fileEncoding = 4; lastKnownFileType = sourcecode.cpp.cpp; path = sqstdstring.cpp; sourceTree = "<group>"; };
		EBC5264319DCE315003789E5 /* sqstdsystem.cpp */ = {isa = PBXFileReference; fileEncoding = 4; lastKnownFileType = sourcecode.cpp.cpp; path = sqstdsystem.cpp; sourceTree = "<group>"; };
		EBC5264519DCE315003789E5 /* Makefile */ = {isa = PBXFileReference; fileEncoding = 4; lastKnownFileType = sourcecode.make; path = Makefile; sourceTree = "<group>"; };
		EBC5264619DCE315003789E5 /* sqapi.cpp */ = {isa = PBXFileReference; fileEncoding = 4; lastKnownFileType = sourcecode.cpp.cpp; path = sqapi.cpp; sourceTree = "<group>"; };
		EBC5264719DCE315003789E5 /* sqarray.h */ = {isa = PBXFileReference; fileEncoding = 4; lastKnownFileType = sourcecode.c.h; path = sqarray.h; sourceTree = "<group>"; };
		EBC5264819DCE315003789E5 /* sqbaselib.cpp */ = {isa = PBXFileReference; fileEncoding = 4; lastKnownFileType = sourcecode.cpp.cpp; path = sqbaselib.cpp; sourceTree = "<group>"; };
		EBC5264919DCE315003789E5 /* sqclass.cpp */ = {isa = PBXFileReference; fileEncoding = 4; lastKnownFileType = sourcecode.cpp.cpp; path = sqclass.cpp; sourceTree = "<group>"; };
		EBC5264A19DCE315003789E5 /* sqclass.h */ = {isa = PBXFileReference; fileEncoding = 4; lastKnownFileType = sourcecode.c.h; path = sqclass.h; sourceTree = "<group>"; };
		EBC5264B19DCE315003789E5 /* sqclosure.h */ = {isa = PBXFileReference; fileEncoding = 4; lastKnownFileType = sourcecode.c.h; path = sqclosure.h; sourceTree = "<group>"; };
		EBC5264C19DCE315003789E5 /* sqcompiler.cpp */ = {isa = PBXFileReference; fileEncoding = 4; lastKnownFileType = sourcecode.cpp.cpp; path = sqcompiler.cpp; sourceTree = "<group>"; };
		EBC5264D19DCE315003789E5 /* sqcompiler.h */ = {isa = PBXFileReference; fileEncoding = 4; lastKnownFileType = sourcecode.c.h; path = sqcompiler.h; sourceTree = "<group>"; };
		EBC5264E19DCE315003789E5 /* sqdebug.cpp */ = {isa = PBXFileReference; fileEncoding = 4; lastKnownFileType = sourcecode.cpp.cpp; path = sqdebug.cpp; sourceTree = "<group>"; };
		EBC5264F19DCE315003789E5 /* sqfuncproto.h */ = {isa = PBXFileReference; fileEncoding = 4; lastKnownFileType = sourcecode.c.h; path = sqfuncproto.h; sourceTree = "<group>"; };
		EBC5265019DCE315003789E5 /* sqfuncstate.cpp */ = {isa = PBXFileReference; fileEncoding = 4; lastKnownFileType = sourcecode.cpp.cpp; path = sqfuncstate.cpp; sourceTree = "<group>"; };
		EBC5265119DCE315003789E5 /* sqfuncstate.h */ = {isa = PBXFileReference; fileEncoding = 4; lastKnownFileType = sourcecode.c.h; path = sqfuncstate.h; sourceTree = "<group>"; };
		EBC5265219DCE315003789E5 /* sqlexer.cpp */ = {isa = PBXFileReference; fileEncoding = 4; lastKnownFileType = sourcecode.cpp.cpp; path = sqlexer.cpp; sourceTree = "<group>"; };
		EBC5265319DCE315003789E5 /* sqlexer.h */ = {isa = PBXFileReference; fileEncoding = 4; lastKnownFileType = sourcecode.c.h; path = sqlexer.h; sourceTree = "<group>"; };
		EBC5265419DCE315003789E5 /* sqmem.cpp */ = {isa = PBXFileReference; fileEncoding = 4; lastKnownFileType = sourcecode.cpp.cpp; path = sqmem.cpp; sourceTree = "<group>"; };
		EBC5265519DCE315003789E5 /* sqobject.cpp */ = {isa = PBXFileReference; fileEncoding = 4; lastKnownFileType = sourcecode.cpp.cpp; path = sqobject.cpp; sourceTree = "<group>"; };
		EBC5265619DCE315003789E5 /* sqobject.h */ = {isa = PBXFileReference; fileEncoding = 4; lastKnownFileType = sourcecode.c.h; path = sqobject.h; sourceTree = "<group>"; };
		EBC5265719DCE315003789E5 /* sqopcodes.h */ = {isa = PBXFileReference; fileEncoding = 4; lastKnownFileType = sourcecode.c.h; path = sqopcodes.h; sourceTree = "<group>"; };
		EBC5265819DCE315003789E5 /* sqpcheader.h */ = {isa = PBXFileReference; fileEncoding = 4; lastKnownFileType = sourcecode.c.h; path = sqpcheader.h; sourceTree = "<group>"; };
		EBC5265919DCE315003789E5 /* sqstate.cpp */ = {isa = PBXFileReference; fileEncoding = 4; lastKnownFileType = sourcecode.cpp.cpp; path = sqstate.cpp; sourceTree = "<group>"; };
		EBC5265A19DCE315003789E5 /* sqstate.h */ = {isa = PBXFileReference; fileEncoding = 4; lastKnownFileType = sourcecode.c.h; path = sqstate.h; sourceTree = "<group>"; };
		EBC5265B19DCE315003789E5 /* sqstring.h */ = {isa = PBXFileReference; fileEncoding = 4; lastKnownFileType = sourcecode.c.h; path = sqstring.h; sourceTree = "<group>"; };
		EBC5265C19DCE315003789E5 /* sqtable.cpp */ = {isa = PBXFileReference; fileEncoding = 4; lastKnownFileType = sourcecode.cpp.cpp; path = sqtable.cpp; sourceTree = "<group>"; };
		EBC5265D19DCE315003789E5 /* sqtable.h */ = {isa = PBXFileReference; fileEncoding = 4; lastKnownFileType = sourcecode.c.h; path = sqtable.h; sourceTree = "<group>"; };
		EBC5265E19DCE315003789E5 /* squirrel.dsp */ = {isa = PBXFileReference; fileEncoding = 4; lastKnownFileType = text; path = squirrel.dsp; sourceTree = "<group>"; };
		EBC5265F19DCE315003789E5 /* squserdata.h */ = {isa = PBXFileReference; fileEncoding = 4; lastKnownFileType = sourcecode.c.h; path = squserdata.h; sourceTree = "<group>"; };
		EBC5266019DCE315003789E5 /* squtils.h */ = {isa = PBXFileReference; fileEncoding = 4; lastKnownFileType = sourcecode.c.h; path = squtils.h; sourceTree = "<group>"; };
		EBC5266119DCE315003789E5 /* sqvm.cpp */ = {isa = PBXFileReference; fileEncoding = 4; lastKnownFileType = sourcecode.cpp.cpp; path = sqvm.cpp; sourceTree = "<group>"; };
		EBC5266219DCE315003789E5 /* sqvm.h */ = {isa = PBXFileReference; fileEncoding = 4; lastKnownFileType = sourcecode.c.h; path = sqvm.h; sourceTree = "<group>"; };
		EBC5266319DCE315003789E5 /* squirrel.dsw */ = {isa = PBXFileReference; fileEncoding = 4; lastKnownFileType = text; path = squirrel.dsw; sourceTree = "<group>"; };
/* End PBXFileReference section */

/* Begin PBXFrameworksBuildPhase section */
		EBC525FD19DCE2C7003789E5 /* Frameworks */ = {
			isa = PBXFrameworksBuildPhase;
			buildActionMask = 2147483647;
			files = (
			);
			runOnlyForDeploymentPostprocessing = 0;
		};
/* End PBXFrameworksBuildPhase section */

/* Begin PBXGroup section */
		EBC525F719DCE2C7003789E5 = {
			isa = PBXGroup;
			children = (
				EBC5260A19DCE315003789E5 /* SQUIRREL3 */,
				EBC5260119DCE2C7003789E5 /* Products */,
			);
			sourceTree = "<group>";
		};
		EBC5260119DCE2C7003789E5 /* Products */ = {
			isa = PBXGroup;
			children = (
				EBC5260019DCE2C7003789E5 /* sq */,
			);
			name = Products;
			sourceTree = "<group>";
		};
		EBC5260A19DCE315003789E5 /* SQUIRREL3 */ = {
			isa = PBXGroup;
			children = (
				EBC5260B19DCE315003789E5 /* bin */,
				EBC5260C19DCE315003789E5 /* COMPILE */,
				EBC5260D19DCE315003789E5 /* COPYRIGHT */,
				EBC5260E19DCE315003789E5 /* doc */,
				EBC5261619DCE315003789E5 /* HISTORY */,
				EBC5261719DCE315003789E5 /* include */,
				EBC5261F19DCE315003789E5 /* lib */,
				EBC5262019DCE315003789E5 /* Makefile */,
				EBC5262119DCE315003789E5 /* README */,
				EBC5263319DCE315003789E5 /* sq */,
				EBC5263719DCE315003789E5 /* sqstdlib */,
				EBC5264419DCE315003789E5 /* squirrel */,
				EBC5266319DCE315003789E5 /* squirrel.dsw */,
			);
			path = SQUIRREL3;
			sourceTree = "<group>";
		};
		EBC5260B19DCE315003789E5 /* bin */ = {
			isa = PBXGroup;
			children = (
			);
			path = bin;
			sourceTree = "<group>";
		};
		EBC5260E19DCE315003789E5 /* doc */ = {
			isa = PBXGroup;
			children = (
				EBC5260F19DCE315003789E5 /* sqstdlib3.chm */,
				EBC5261019DCE315003789E5 /* sqstdlib3.pdf */,
				EBC5261119DCE315003789E5 /* squirrel3.chm */,
				EBC5261219DCE315003789E5 /* squirrel3.pdf */,
			);
			path = doc;
			sourceTree = "<group>";
		};
		EBC5261719DCE315003789E5 /* include */ = {
			isa = PBXGroup;
			children = (
				EBC5261819DCE315003789E5 /* sqstdaux.h */,
				EBC5261919DCE315003789E5 /* sqstdblob.h */,
				EBC5261A19DCE315003789E5 /* sqstdio.h */,
				EBC5261B19DCE315003789E5 /* sqstdmath.h */,
				EBC5261C19DCE315003789E5 /* sqstdstring.h */,
				EBC5261D19DCE315003789E5 /* sqstdsystem.h */,
				EBC5261E19DCE315003789E5 /* squirrel.h */,
			);
			path = include;
			sourceTree = "<group>";
		};
		EBC5261F19DCE315003789E5 /* lib */ = {
			isa = PBXGroup;
			children = (
			);
			path = lib;
			sourceTree = "<group>";
		};
		EBC5263319DCE315003789E5 /* sq */ = {
			isa = PBXGroup;
			children = (
				EBC5263419DCE315003789E5 /* Makefile */,
				EBC5263519DCE315003789E5 /* sq.c */,
				EBC5263619DCE315003789E5 /* sq.dsp */,
			);
			path = sq;
			sourceTree = "<group>";
		};
		EBC5263719DCE315003789E5 /* sqstdlib */ = {
			isa = PBXGroup;
			children = (
				EBC5263819DCE315003789E5 /* Makefile */,
				EBC5263919DCE315003789E5 /* sqstdaux.cpp */,
				EBC5263A19DCE315003789E5 /* sqstdblob.cpp */,
				EBC5263B19DCE315003789E5 /* sqstdblobimpl.h */,
				EBC5263C19DCE315003789E5 /* sqstdio.cpp */,
				EBC5263D19DCE315003789E5 /* sqstdlib.dsp */,
				EBC5263E19DCE315003789E5 /* sqstdmath.cpp */,
				EBC5263F19DCE315003789E5 /* sqstdrex.cpp */,
				EBC5264019DCE315003789E5 /* sqstdstream.cpp */,
				EBC5264119DCE315003789E5 /* sqstdstream.h */,
				EBC5264219DCE315003789E5 /* sqstdstring.cpp */,
				EBC5264319DCE315003789E5 /* sqstdsystem.cpp */,
			);
			path = sqstdlib;
			sourceTree = "<group>";
		};
		EBC5264419DCE315003789E5 /* squirrel */ = {
			isa = PBXGroup;
			children = (
				EBC5264519DCE315003789E5 /* Makefile */,
				EBC5264619DCE315003789E5 /* sqapi.cpp */,
				EBC5264719DCE315003789E5 /* sqarray.h */,
				EBC5264819DCE315003789E5 /* sqbaselib.cpp */,
				EBC5264919DCE315003789E5 /* sqclass.cpp */,
				EBC5264A19DCE315003789E5 /* sqclass.h */,
				EBC5264B19DCE315003789E5 /* sqclosure.h */,
				EBC5264C19DCE315003789E5 /* sqcompiler.cpp */,
				EBC5264D19DCE315003789E5 /* sqcompiler.h */,
				EBC5264E19DCE315003789E5 /* sqdebug.cpp */,
				EBC5264F19DCE315003789E5 /* sqfuncproto.h */,
				EBC5265019DCE315003789E5 /* sqfuncstate.cpp */,
				EBC5265119DCE315003789E5 /* sqfuncstate.h */,
				EBC5265219DCE315003789E5 /* sqlexer.cpp */,
				EBC5265319DCE315003789E5 /* sqlexer.h */,
				EBC5265419DCE315003789E5 /* sqmem.cpp */,
				EBC5265519DCE315003789E5 /* sqobject.cpp */,
				EBC5265619DCE315003789E5 /* sqobject.h */,
				EBC5265719DCE315003789E5 /* sqopcodes.h */,
				EBC5265819DCE315003789E5 /* sqpcheader.h */,
				EBC5265919DCE315003789E5 /* sqstate.cpp */,
				EBC5265A19DCE315003789E5 /* sqstate.h */,
				EBC5265B19DCE315003789E5 /* sqstring.h */,
				EBC5265C19DCE315003789E5 /* sqtable.cpp */,
				EBC5265D19DCE315003789E5 /* sqtable.h */,
				EBC5265E19DCE315003789E5 /* squirrel.dsp */,
				EBC5265F19DCE315003789E5 /* squserdata.h */,
				EBC5266019DCE315003789E5 /* squtils.h */,
				EBC5266119DCE315003789E5 /* sqvm.cpp */,
				EBC5266219DCE315003789E5 /* sqvm.h */,
			);
			path = squirrel;
			sourceTree = "<group>";
		};
/* End PBXGroup section */

/* Begin PBXNativeTarget section */
		EBC525FF19DCE2C7003789E5 /* sq */ = {
			isa = PBXNativeTarget;
			buildConfigurationList = EBC5260719DCE2C7003789E5 /* Build configuration list for PBXNativeTarget "sq" */;
			buildPhases = (
				EBC525FC19DCE2C7003789E5 /* Sources */,
				EBC525FD19DCE2C7003789E5 /* Frameworks */,
				EBC525FE19DCE2C7003789E5 /* CopyFiles */,
			);
			buildRules = (
			);
			dependencies = (
			);
			name = sq;
			productName = sq;
			productReference = EBC5260019DCE2C7003789E5 /* sq */;
			productType = "com.apple.product-type.tool";
		};
/* End PBXNativeTarget section */

/* Begin PBXProject section */
		EBC525F819DCE2C7003789E5 /* Project object */ = {
			isa = PBXProject;
			attributes = {
				LastUpgradeCheck = 0600;
				ORGANIZATIONNAME = "squirrel-lang";
				TargetAttributes = {
					EBC525FF19DCE2C7003789E5 = {
						CreatedOnToolsVersion = 6.0.1;
					};
				};
			};
			buildConfigurationList = EBC525FB19DCE2C7003789E5 /* Build configuration list for PBXProject "sq" */;
			compatibilityVersion = "Xcode 3.2";
			developmentRegion = English;
			hasScannedForEncodings = 0;
			knownRegions = (
				en,
			);
			mainGroup = EBC525F719DCE2C7003789E5;
			productRefGroup = EBC5260119DCE2C7003789E5 /* Products */;
			projectDirPath = "";
			projectRoot = "";
			targets = (
				EBC525FF19DCE2C7003789E5 /* sq */,
			);
		};
/* End PBXProject section */

/* Begin PBXSourcesBuildPhase section */
		EBC525FC19DCE2C7003789E5 /* Sources */ = {
			isa = PBXSourcesBuildPhase;
			buildActionMask = 2147483647;
			files = (
				EBC5267A19DCE315003789E5 /* sqobject.cpp in Sources */,
				EBC5267119DCE315003789E5 /* Makefile in Sources */,
				EBC5267D19DCE315003789E5 /* sqvm.cpp in Sources */,
				EBC5266819DCE315003789E5 /* Makefile in Sources */,
				EBC5267419DCE315003789E5 /* sqclass.cpp in Sources */,
				EBC5266F19DCE315003789E5 /* sqstdstring.cpp in Sources */,
				EBC5266C19DCE315003789E5 /* sqstdmath.cpp in Sources */,
				EBC5266519DCE315003789E5 /* Makefile in Sources */,
				EBC5266719DCE315003789E5 /* sq.c in Sources */,
				EBC5266919DCE315003789E5 /* sqstdaux.cpp in Sources */,
				EBC5267819DCE315003789E5 /* sqlexer.cpp in Sources */,
				EBC5267B19DCE315003789E5 /* sqstate.cpp in Sources */,
				EBC5267519DCE315003789E5 /* sqcompiler.cpp in Sources */,
				EBC5266A19DCE315003789E5 /* sqstdblob.cpp in Sources */,
				EBC5267219DCE315003789E5 /* sqapi.cpp in Sources */,
				EBC5267919DCE315003789E5 /* sqmem.cpp in Sources */,
				EBC5266E19DCE315003789E5 /* sqstdstream.cpp in Sources */,
				EBC5266B19DCE315003789E5 /* sqstdio.cpp in Sources */,
				EBC5266619DCE315003789E5 /* Makefile in Sources */,
				EBC5267719DCE315003789E5 /* sqfuncstate.cpp in Sources */,
				EBC5267019DCE315003789E5 /* sqstdsystem.cpp in Sources */,
				EBC5266D19DCE315003789E5 /* sqstdrex.cpp in Sources */,
				EBC5267319DCE315003789E5 /* sqbaselib.cpp in Sources */,
				EBC5267C19DCE315003789E5 /* sqtable.cpp in Sources */,
				EBC5267619DCE315003789E5 /* sqdebug.cpp in Sources */,
			);
			runOnlyForDeploymentPostprocessing = 0;
		};
/* End PBXSourcesBuildPhase section */

/* Begin XCBuildConfiguration section */
		EBC5260519DCE2C7003789E5 /* Debug */ = {
			isa = XCBuildConfiguration;
			buildSettings = {
				ALWAYS_SEARCH_USER_PATHS = NO;
				CLANG_CXX_LANGUAGE_STANDARD = "gnu++0x";
				CLANG_CXX_LIBRARY = "libc++";
				CLANG_ENABLE_MODULES = YES;
				CLANG_ENABLE_OBJC_ARC = YES;
				CLANG_WARN_BOOL_CONVERSION = YES;
				CLANG_WARN_CONSTANT_CONVERSION = YES;
				CLANG_WARN_DIRECT_OBJC_ISA_USAGE = YES_ERROR;
				CLANG_WARN_EMPTY_BODY = YES;
				CLANG_WARN_ENUM_CONVERSION = YES;
				CLANG_WARN_INT_CONVERSION = YES;
				CLANG_WARN_OBJC_ROOT_CLASS = YES_ERROR;
				CLANG_WARN_UNREACHABLE_CODE = YES;
				CLANG_WARN__DUPLICATE_METHOD_MATCH = YES;
				COPY_PHASE_STRIP = NO;
				ENABLE_STRICT_OBJC_MSGSEND = YES;
				GCC_C_LANGUAGE_STANDARD = gnu99;
				GCC_DYNAMIC_NO_PIC = NO;
				GCC_OPTIMIZATION_LEVEL = 0;
				GCC_PREPROCESSOR_DEFINITIONS = (
					"DEBUG=1",
					"$(inherited)",
				);
				GCC_SYMBOLS_PRIVATE_EXTERN = NO;
				GCC_WARN_64_TO_32_BIT_CONVERSION = YES;
				GCC_WARN_ABOUT_RETURN_TYPE = YES_ERROR;
				GCC_WARN_UNDECLARED_SELECTOR = YES;
				GCC_WARN_UNINITIALIZED_AUTOS = YES_AGGRESSIVE;
				GCC_WARN_UNUSED_FUNCTION = YES;
				GCC_WARN_UNUSED_VARIABLE = YES;
				MACOSX_DEPLOYMENT_TARGET = 10.9;
				MTL_ENABLE_DEBUG_INFO = YES;
				ONLY_ACTIVE_ARCH = YES;
				SDKROOT = macosx;
			};
			name = Debug;
		};
		EBC5260619DCE2C7003789E5 /* Release */ = {
			isa = XCBuildConfiguration;
			buildSettings = {
				ALWAYS_SEARCH_USER_PATHS = NO;
				CLANG_CXX_LANGUAGE_STANDARD = "gnu++0x";
				CLANG_CXX_LIBRARY = "libc++";
				CLANG_ENABLE_MODULES = YES;
				CLANG_ENABLE_OBJC_ARC = YES;
				CLANG_WARN_BOOL_CONVERSION = YES;
				CLANG_WARN_CONSTANT_CONVERSION = YES;
				CLANG_WARN_DIRECT_OBJC_ISA_USAGE = YES_ERROR;
				CLANG_WARN_EMPTY_BODY = YES;
				CLANG_WARN_ENUM_CONVERSION = YES;
				CLANG_WARN_INT_CONVERSION = YES;
				CLANG_WARN_OBJC_ROOT_CLASS = YES_ERROR;
				CLANG_WARN_UNREACHABLE_CODE = YES;
				CLANG_WARN__DUPLICATE_METHOD_MATCH = YES;
				COPY_PHASE_STRIP = YES;
				DEBUG_INFORMATION_FORMAT = "dwarf-with-dsym";
				ENABLE_NS_ASSERTIONS = NO;
				ENABLE_STRICT_OBJC_MSGSEND = YES;
				GCC_C_LANGUAGE_STANDARD = gnu99;
				GCC_WARN_64_TO_32_BIT_CONVERSION = YES;
				GCC_WARN_ABOUT_RETURN_TYPE = YES_ERROR;
				GCC_WARN_UNDECLARED_SELECTOR = YES;
				GCC_WARN_UNINITIALIZED_AUTOS = YES_AGGRESSIVE;
				GCC_WARN_UNUSED_FUNCTION = YES;
				GCC_WARN_UNUSED_VARIABLE = YES;
				MACOSX_DEPLOYMENT_TARGET = 10.9;
				MTL_ENABLE_DEBUG_INFO = NO;
				SDKROOT = macosx;
			};
			name = Release;
		};
		EBC5260819DCE2C7003789E5 /* Debug */ = {
			isa = XCBuildConfiguration;
			buildSettings = {
				PRODUCT_NAME = "$(TARGET_NAME)";
			};
			name = Debug;
		};
		EBC5260919DCE2C7003789E5 /* Release */ = {
			isa = XCBuildConfiguration;
			buildSettings = {
				PRODUCT_NAME = "$(TARGET_NAME)";
			};
			name = Release;
		};
/* End XCBuildConfiguration section */

/* Begin XCConfigurationList section */
		EBC525FB19DCE2C7003789E5 /* Build configuration list for PBXProject "sq" */ = {
			isa = XCConfigurationList;
			buildConfigurations = (
				EBC5260519DCE2C7003789E5 /* Debug */,
				EBC5260619DCE2C7003789E5 /* Release */,
			);
			defaultConfigurationIsVisible = 0;
			defaultConfigurationName = Release;
		};
		EBC5260719DCE2C7003789E5 /* Build configuration list for PBXNativeTarget "sq" */ = {
			isa = XCConfigurationList;
			buildConfigurations = (
				EBC5260819DCE2C7003789E5 /* Debug */,
				EBC5260919DCE2C7003789E5 /* Release */,
			);
			defaultConfigurationIsVisible = 0;
		};
/* End XCConfigurationList section */
	};
	rootObject = EBC525F819DCE2C7003789E5 /* Project object */;
}
